{
  "nodes": {
    "all-configurations": {
      "inputs": {
        "dns-ip-updater": "dns-ip-updater",
        "home-manager": [
          "home-manager"
        ],
        "main-pc": "main-pc",
        "nix-gnome-configs": "nix-gnome-configs",
        "nix-podman-quadlet-collection": "nix-podman-quadlet-collection",
        "nixos-test": "nixos-test",
        "nixpkgs": [
          "nixpkgs"
        ],
        "packages": "packages"
      },
      "locked": {
        "path": "./all-configurations",
        "type": "path"
      },
      "original": {
        "path": "./all-configurations",
        "type": "path"
      },
      "parent": []
    },
    "appflowy": {
      "inputs": {
        "nixpkgs": [
          "all-configurations",
          "nix-podman-quadlet-collection",
          "nixpkgs"
        ],
        "sops-nix": "sops-nix_3",
        "systems": "systems_2",
        "treefmt-nix": "treefmt-nix"
      },
      "locked": {
        "path": "./appflowy",
        "type": "path"
      },
      "original": {
        "path": "./appflowy",
        "type": "path"
      },
      "parent": [
        "all-configurations",
        "nix-podman-quadlet-collection"
      ]
    },
    "caddy": {
      "inputs": {
        "home-manager": "home-manager",
        "hugo-blog": "hugo-blog",
        "hugo-mainsite": "hugo-mainsite",
        "nixpkgs": [
          "all-configurations",
          "nix-podman-quadlet-collection",
          "nixpkgs"
        ],
        "quadlet-nix": "quadlet-nix"
      },
      "locked": {
        "path": "./caddy",
        "type": "path"
      },
      "original": {
        "path": "./caddy",
        "type": "path"
      },
      "parent": [
        "all-configurations",
        "nix-podman-quadlet-collection"
      ]
    },
    "chia": {
      "inputs": {
        "nixpkgs": [
          "all-configurations",
          "nix-podman-quadlet-collection",
          "nixpkgs"
        ]
      },
      "locked": {
        "path": "./chia",
        "type": "path"
      },
      "original": {
        "path": "./chia",
        "type": "path"
      },
      "parent": [
        "all-configurations",
        "nix-podman-quadlet-collection"
      ]
    },
    "dns-ip-updater": {
      "inputs": {
        "nixpkgs": [
          "all-configurations",
          "nixpkgs"
        ],
        "sops-nix": "sops-nix"
      },
      "locked": {
        "lastModified": 1758895880,
        "narHash": "sha256-FfSYjxUqdv+z0XsczvDG6ECC8y6Y1FMieBjJc5hPzgg=",
        "owner": "juiveli",
        "repo": "dns-ip-updater",
        "rev": "f01ed6c5245acc49b1b467ebb58ae773078e3b91",
        "type": "github"
      },
      "original": {
        "owner": "juiveli",
        "repo": "dns-ip-updater",
        "type": "github"
      }
    },
    "flake-compat": {
      "flake": false,
      "locked": {
        "lastModified": 1747046372,
        "narHash": "sha256-CIVLLkVgvHYbgI2UpXvIIBJ12HWgX+fjA8Xf8PUmqCY=",
        "owner": "edolstra",
        "repo": "flake-compat",
        "rev": "9100a0f413b0c601e0533d1d94ffd501ce2e7885",
        "type": "github"
      },
      "original": {
        "owner": "edolstra",
        "repo": "flake-compat",
        "type": "github"
      }
    },
    "flake-utils": {
      "inputs": {
        "systems": "systems"
      },
      "locked": {
        "lastModified": 1731533236,
        "narHash": "sha256-l0KFg5HjrsfsO/JpG+r7fRrqm12kzFHyUHqHCVpMMbI=",
        "owner": "numtide",
        "repo": "flake-utils",
        "rev": "11707dc2f618dd54ca8739b309ec4fc024de578b",
        "type": "github"
      },
      "original": {
        "owner": "numtide",
        "repo": "flake-utils",
        "type": "github"
      }
    },
    "flake-utils_2": {
      "inputs": {
        "systems": "systems_3"
      },
      "locked": {
        "lastModified": 1681202837,
        "narHash": "sha256-H+Rh19JDwRtpVPAWp64F+rlEtxUWBAQW28eAi3SRSzg=",
        "owner": "numtide",
        "repo": "flake-utils",
        "rev": "cfacdce06f30d2b68473a46042957675eebb3401",
        "type": "github"
      },
      "original": {
        "owner": "numtide",
        "repo": "flake-utils",
        "type": "github"
      }
    },
    "flake-utils_3": {
      "inputs": {
        "systems": "systems_4"
      },
      "locked": {
        "lastModified": 1731533236,
        "narHash": "sha256-l0KFg5HjrsfsO/JpG+r7fRrqm12kzFHyUHqHCVpMMbI=",
        "owner": "numtide",
        "repo": "flake-utils",
        "rev": "11707dc2f618dd54ca8739b309ec4fc024de578b",
        "type": "github"
      },
      "original": {
        "owner": "numtide",
        "repo": "flake-utils",
        "type": "github"
      }
    },
    "gitignore": {
      "inputs": {
        "nixpkgs": [
          "pre-commit-hooks",
          "nixpkgs"
        ]
      },
      "locked": {
        "lastModified": 1709087332,
        "narHash": "sha256-HG2cCnktfHsKV0s4XW83gU3F57gaTljL9KNSuG6bnQs=",
        "owner": "hercules-ci",
        "repo": "gitignore.nix",
        "rev": "637db329424fd7e46cf4185293b9cc8c88c95394",
        "type": "github"
      },
      "original": {
        "owner": "hercules-ci",
        "repo": "gitignore.nix",
        "type": "github"
      }
    },
    "home-manager": {
      "inputs": {
        "nixpkgs": "nixpkgs_5"
      },
      "locked": {
        "lastModified": 1726989464,
        "narHash": "sha256-Vl+WVTJwutXkimwGprnEtXc/s/s8sMuXzqXaspIGlwM=",
        "owner": "nix-community",
        "repo": "home-manager",
        "rev": "2f23fa308a7c067e52dfcc30a0758f47043ec176",
        "type": "github"
      },
      "original": {
        "owner": "nix-community",
        "ref": "release-24.05",
        "repo": "home-manager",
        "type": "github"
      }
    },
    "home-manager_2": {
      "inputs": {
        "nixpkgs": [
          "nixpkgs"
        ]
      },
      "locked": {
        "lastModified": 1758463745,
        "narHash": "sha256-uhzsV0Q0I9j2y/rfweWeGif5AWe0MGrgZ/3TjpDYdGA=",
        "owner": "nix-community",
        "repo": "home-manager",
        "rev": "3b955f5f0a942f9f60cdc9cacb7844335d0f21c3",
        "type": "github"
      },
      "original": {
        "owner": "nix-community",
        "ref": "release-25.05",
        "repo": "home-manager",
        "type": "github"
      }
    },
    "hugo-blog": {
      "inputs": {
        "nixpkgs": [
          "all-configurations",
          "nix-podman-quadlet-collection",
          "caddy",
          "nixpkgs"
        ]
      },
      "locked": {
        "lastModified": 1750014033,
        "narHash": "sha256-/3WYsNHnokhu7i7jfaj50Lj4C2UfZ7DrdlI/giJ5Mdo=",
        "owner": "juiveli",
        "repo": "hugo-blog",
        "rev": "2f8abfb327ea531d7186e69344bae948d3ec2f7f",
        "type": "github"
      },
      "original": {
        "owner": "juiveli",
        "repo": "hugo-blog",
        "type": "github"
      }
    },
    "hugo-mainsite": {
      "inputs": {
        "nixpkgs": [
          "all-configurations",
          "nix-podman-quadlet-collection",
          "caddy",
          "nixpkgs"
        ]
      },
      "locked": {
        "lastModified": 1746301446,
        "narHash": "sha256-LG9n3svnR6lDd8C4vJeJ/wq+56Huk2j3/sgwXrgW8FQ=",
        "owner": "juiveli",
        "repo": "main-website",
        "rev": "63b639f045de664c0a44da62b76466a20dafee94",
        "type": "github"
      },
      "original": {
        "owner": "juiveli",
        "repo": "main-website",
        "type": "github"
      }
    },
    "main-pc": {
      "inputs": {
        "melonDS": "melonDS",
        "nix-flatpak": "nix-flatpak",
        "nix-router-functionalities": "nix-router-functionalities",
        "nix-wfinfo": "nix-wfinfo",
        "nixpkgs": [
          "all-configurations",
          "nixpkgs"
        ],
        "sops-nix": "sops-nix_2"
      },
      "locked": {
        "path": "./profiles/main-pc",
        "type": "path"
      },
      "original": {
        "path": "./profiles/main-pc",
        "type": "path"
      },
      "parent": [
        "all-configurations"
      ]
    },
    "melonDS": {
      "inputs": {
        "flake-utils": "flake-utils",
        "nixpkgs": "nixpkgs_2"
      },
      "locked": {
        "lastModified": 1762466674,
        "narHash": "sha256-Vnrg+6fSnzQKy+3ZU6LKSkkgc04H9KPsE/M2Iu9Wudw=",
        "owner": "melonDS-emu",
        "repo": "melonDS",
        "rev": "220b238ec06692ee144bb1f50867a2edb8795de1",
        "type": "github"
      },
      "original": {
        "owner": "melonDS-emu",
        "repo": "melonDS",
        "type": "github"
      }
    },
    "mmx": {
      "inputs": {
        "nixpkgs": [
          "all-configurations",
          "nix-podman-quadlet-collection",
          "nixpkgs"
        ],
        "sops-nix": "sops-nix_4"
      },
      "locked": {
        "path": "./mmx",
        "type": "path"
      },
      "original": {
        "path": "./mmx",
        "type": "path"
      },
      "parent": [
        "all-configurations",
        "nix-podman-quadlet-collection"
      ]
    },
    "nicehash": {
      "inputs": {
        "nixpkgs": [
          "all-configurations",
          "nix-podman-quadlet-collection",
          "nixpkgs"
        ]
      },
      "locked": {
        "path": "./nicehash",
        "type": "path"
      },
      "original": {
        "path": "./nicehash",
        "type": "path"
      },
      "parent": [
        "all-configurations",
        "nix-podman-quadlet-collection"
      ]
    },
    "nix-flatpak": {
      "locked": {
        "lastModified": 1754777568,
        "narHash": "sha256-0bBqT+3XncgF8F03RFAamw9vdf0VmaDoIJLTGkjfQZs=",
        "owner": "gmodena",
        "repo": "nix-flatpak",
        "rev": "62f636b87ef6050760a8cb325cadb90674d1e23e",
        "type": "github"
      },
      "original": {
        "owner": "gmodena",
        "repo": "nix-flatpak",
        "type": "github"
      }
    },
    "nix-flatpak_2": {
      "locked": {
        "lastModified": 1754777568,
        "narHash": "sha256-0bBqT+3XncgF8F03RFAamw9vdf0VmaDoIJLTGkjfQZs=",
        "owner": "gmodena",
        "repo": "nix-flatpak",
        "rev": "62f636b87ef6050760a8cb325cadb90674d1e23e",
        "type": "github"
      },
      "original": {
        "owner": "gmodena",
        "repo": "nix-flatpak",
        "type": "github"
      }
    },
    "nix-gnome-configs": {
      "inputs": {
        "nixpkgs": [
          "all-configurations",
          "nixpkgs"
        ]
      },
      "locked": {
        "lastModified": 1747763869,
        "narHash": "sha256-J0RdluXR1Z/pSMwHywl+eS5Z5puX+BK/6j0u3W2yHyM=",
        "owner": "juiveli",
        "repo": "nix-gnome-configs",
        "rev": "5cd8a289d56d4603de10b48dc4ffe6d64bc9e84d",
        "type": "github"
      },
      "original": {
        "owner": "juiveli",
        "repo": "nix-gnome-configs",
        "type": "github"
      }
    },
    "nix-podman-quadlet-collection": {
      "inputs": {
        "appflowy": "appflowy",
        "caddy": "caddy",
        "chia": "chia",
        "mmx": "mmx",
        "nicehash": "nicehash",
        "nixpkgs": [
          "all-configurations",
          "nixpkgs"
        ],
        "quadlet-nix": "quadlet-nix_2",
        "sshServerJohannes": "sshServerJohannes",
        "testServer": "testServer"
      },
      "locked": {
        "lastModified": 1756412597,
        "narHash": "sha256-YhM6IWtt/yZMGPD2+2m+doQWuKjxZEZZtnVmnNRoJ8E=",
        "owner": "juiveli",
        "repo": "nix-podman-quadlet-collection",
        "rev": "070addf1890d1422b8f3ed3cc3df6fc345d68003",
        "type": "github"
      },
      "original": {
        "owner": "juiveli",
        "repo": "nix-podman-quadlet-collection",
        "type": "github"
      }
    },
    "nix-router-functionalities": {
      "locked": {
        "lastModified": 1747065066,
        "narHash": "sha256-pnjCN/RSr0hoYYWQuIsqvr6PLkSXzQNxhKBDIpFQfk4=",
        "owner": "juiveli",
        "repo": "nix-router-functionalities",
        "rev": "c8b736010ceca69ee098d07d61ed98443fe6c7e1",
        "type": "github"
      },
      "original": {
        "owner": "juiveli",
        "repo": "nix-router-functionalities",
        "type": "github"
      }
    },
    "nix-vscode-extensions": {
      "inputs": {
        "nixpkgs": "nixpkgs_8"
      },
      "locked": {
        "lastModified": 1762826252,
        "narHash": "sha256-7VqX6Z8Pq5DzVV5YM7o92vC6goNGtucCv71dXwpy01Q=",
        "owner": "nix-community",
        "repo": "nix-vscode-extensions",
        "rev": "f10a42469c4db9b4ae7b3cd3a5c0d8bffb4a8b98",
        "type": "github"
      },
      "original": {
        "owner": "nix-community",
        "repo": "nix-vscode-extensions",
        "type": "github"
      }
    },
    "nix-wfinfo": {
      "inputs": {
        "nixpkgs": [
          "all-configurations",
          "main-pc",
          "nixpkgs"
        ],
        "wfinfo-ng-src": "wfinfo-ng-src"
      },
      "locked": {
        "lastModified": 1759381469,
        "narHash": "sha256-AzrDdI3p1gswbgfUHSroJQ9TkOcLQDdI00r17o9Ykio=",
        "path": "/home/joonas/Documents/git-projects/nix-wfinfo",
        "type": "path"
      },
      "original": {
        "path": "/home/joonas/Documents/git-projects/nix-wfinfo",
        "type": "path"
      }
    },
    "nixos-test": {
      "inputs": {
        "nix-flatpak": "nix-flatpak_2"
      },
      "locked": {
        "path": "./profiles/nixos-test",
        "type": "path"
      },
      "original": {
        "path": "./profiles/nixos-test",
        "type": "path"
      },
      "parent": [
        "all-configurations"
      ]
    },
    "nixpkgs": {
      "locked": {
        "lastModified": 1762361079,
        "narHash": "sha256-lz718rr1BDpZBYk7+G8cE6wee3PiBUpn8aomG/vLLiY=",
        "owner": "NixOS",
        "repo": "nixpkgs",
        "rev": "ffcdcf99d65c61956d882df249a9be53e5902ea5",
        "type": "github"
      },
      "original": {
        "owner": "NixOS",
        "ref": "nixpkgs-unstable",
        "repo": "nixpkgs",
        "type": "github"
      }
    },
    "nixpkgs-unstable": {
      "locked": {
        "lastModified": 1762596750,
        "narHash": "sha256-rXXuz51Bq7DHBlfIjN7jO8Bu3du5TV+3DSADBX7/9YQ=",
        "owner": "NixOS",
        "repo": "nixpkgs",
        "rev": "b6a8526db03f735b89dd5ff348f53f752e7ddc8e",
        "type": "github"
      },
      "original": {
        "owner": "NixOS",
        "ref": "nixos-unstable",
        "repo": "nixpkgs",
        "type": "github"
      }
    },
    "nixpkgs_10": {
      "locked": {
        "lastModified": 1759417375,
        "narHash": "sha256-O7eHcgkQXJNygY6AypkF9tFhsoDQjpNEojw3eFs73Ow=",
        "owner": "NixOS",
        "repo": "nixpkgs",
        "rev": "dc704e6102e76aad573f63b74c742cd96f8f1e6c",
        "type": "github"
      },
      "original": {
        "owner": "NixOS",
        "ref": "nixpkgs-unstable",
        "repo": "nixpkgs",
        "type": "github"
      }
    },
    "nixpkgs_11": {
      "locked": {
        "lastModified": 1761236834,
        "narHash": "sha256-+pthv6hrL5VLW2UqPdISGuLiUZ6SnAXdd2DdUE+fV2Q=",
        "owner": "nixos",
        "repo": "nixpkgs",
        "rev": "d5faa84122bc0a1fd5d378492efce4e289f8eac1",
        "type": "github"
      },
      "original": {
        "owner": "nixos",
        "ref": "nixpkgs-unstable",
        "repo": "nixpkgs",
        "type": "github"
      }
    },
    "nixpkgs_2": {
      "locked": {
        "lastModified": 1761672384,
        "narHash": "sha256-o9KF3DJL7g7iYMZq9SWgfS1BFlNbsm6xplRjVlOCkXI=",
        "owner": "NixOS",
        "repo": "nixpkgs",
        "rev": "08dacfca559e1d7da38f3cf05f1f45ee9bfd213c",
        "type": "github"
      },
      "original": {
        "owner": "NixOS",
        "ref": "nixos-unstable",
        "repo": "nixpkgs",
        "type": "github"
      }
    },
    "nixpkgs_3": {
      "locked": {
        "lastModified": 1762361079,
        "narHash": "sha256-lz718rr1BDpZBYk7+G8cE6wee3PiBUpn8aomG/vLLiY=",
        "owner": "NixOS",
        "repo": "nixpkgs",
        "rev": "ffcdcf99d65c61956d882df249a9be53e5902ea5",
        "type": "github"
      },
      "original": {
        "owner": "NixOS",
        "ref": "nixpkgs-unstable",
        "repo": "nixpkgs",
        "type": "github"
      }
    },
    "nixpkgs_4": {
      "locked": {
        "lastModified": 1761236834,
        "narHash": "sha256-+pthv6hrL5VLW2UqPdISGuLiUZ6SnAXdd2DdUE+fV2Q=",
        "owner": "nixos",
        "repo": "nixpkgs",
        "rev": "d5faa84122bc0a1fd5d378492efce4e289f8eac1",
        "type": "github"
      },
      "original": {
        "owner": "nixos",
        "ref": "nixpkgs-unstable",
        "repo": "nixpkgs",
        "type": "github"
      }
    },
    "nixpkgs_5": {
      "locked": {
        "lastModified": 1716542732,
        "narHash": "sha256-0Y9fRr0CUqWT4KgBITmaGwlnNIGMYuydu2L8iLTfHU4=",
        "owner": "NixOS",
        "repo": "nixpkgs",
        "rev": "d12251ef6e8e6a46e05689eeccd595bdbd3c9e60",
        "type": "github"
      },
      "original": {
        "owner": "NixOS",
        "ref": "nixos-24.05",
        "repo": "nixpkgs",
        "type": "github"
      }
    },
    "nixpkgs_6": {
      "locked": {
        "lastModified": 1762361079,
        "narHash": "sha256-lz718rr1BDpZBYk7+G8cE6wee3PiBUpn8aomG/vLLiY=",
        "owner": "NixOS",
        "repo": "nixpkgs",
        "rev": "ffcdcf99d65c61956d882df249a9be53e5902ea5",
        "type": "github"
      },
      "original": {
        "owner": "NixOS",
        "ref": "nixpkgs-unstable",
        "repo": "nixpkgs",
        "type": "github"
      }
    },
    "nixpkgs_7": {
      "locked": {
        "lastModified": 1682134069,
        "narHash": "sha256-TnI/ZXSmRxQDt2sjRYK/8j8iha4B4zP2cnQCZZ3vp7k=",
        "owner": "NixOS",
        "repo": "nixpkgs",
        "rev": "fd901ef4bf93499374c5af385b2943f5801c0833",
        "type": "github"
      },
      "original": {
        "id": "nixpkgs",
        "type": "indirect"
      }
    },
    "nixpkgs_8": {
      "locked": {
        "lastModified": 1759770925,
        "narHash": "sha256-CZwkCtzTNclqlhuwDsVtGoRumTpqCUK0xSnFIMgd8ls=",
        "owner": "nixos",
        "repo": "nixpkgs",
        "rev": "674c2b09c59a220204350ced584cadaacee30038",
        "type": "github"
      },
      "original": {
        "owner": "nixos",
        "repo": "nixpkgs",
        "rev": "674c2b09c59a220204350ced584cadaacee30038",
        "type": "github"
      }
    },
    "nixpkgs_9": {
      "locked": {
        "lastModified": 1762756533,
        "narHash": "sha256-HiRDeUOD1VLklHeOmaKDzf+8Hb7vSWPVFcWwaTrpm+U=",
        "owner": "NixOS",
        "repo": "nixpkgs",
        "rev": "c2448301fb856e351aab33e64c33a3fc8bcf637d",
        "type": "github"
      },
      "original": {
        "owner": "NixOS",
        "ref": "nixos-25.05",
        "repo": "nixpkgs",
        "type": "github"
      }
    },
    "packages": {
      "inputs": {
        "nixpkgs": [
          "all-configurations",
          "nixpkgs"
        ],
        "nixpkgs-unstable": "nixpkgs-unstable",
        "vscode-server": "vscode-server",
        "vscodium": "vscodium"
      },
      "locked": {
        "lastModified": 1762893407,
        "narHash": "sha256-AojENVH1E7E/FcOpqkml2K0adbZMT62kdOjtBLz8/AQ=",
        "path": "/etc/nixos/all-configurations/packages",
        "type": "path"
      },
      "original": {
        "path": "/etc/nixos/all-configurations/packages",
        "type": "path"
      }
    },
    "pre-commit-hooks": {
      "inputs": {
        "flake-compat": "flake-compat",
        "gitignore": "gitignore",
        "nixpkgs": "nixpkgs_10"
      },
      "locked": {
        "lastModified": 1762868777,
        "narHash": "sha256-QqS72GvguP56oKDNUckWUPNJHjsdeuXh5RyoKz0wJ+E=",
        "owner": "cachix",
        "repo": "git-hooks.nix",
        "rev": "c5c3147730384576196fb5da048a6e45dee10d56",
        "type": "github"
      },
      "original": {
        "owner": "cachix",
        "repo": "git-hooks.nix",
        "type": "github"
      }
    },
    "quadlet-nix": {
      "locked": {
        "lastModified": 1758631655,
        "narHash": "sha256-EGeZ963L7xsNAY7snvP1JHQe7LWLVCM6f49+PzWjhEE=",
        "owner": "SEIAROTg",
        "repo": "quadlet-nix",
        "rev": "2ebe01b175e2e1e6de3f172d23f0c3b88713eec9",
        "type": "github"
      },
      "original": {
        "owner": "SEIAROTg",
        "repo": "quadlet-nix",
        "type": "github"
      }
    },
    "quadlet-nix_2": {
      "locked": {
        "lastModified": 1758631655,
        "narHash": "sha256-EGeZ963L7xsNAY7snvP1JHQe7LWLVCM6f49+PzWjhEE=",
        "owner": "SEIAROTg",
        "repo": "quadlet-nix",
        "rev": "2ebe01b175e2e1e6de3f172d23f0c3b88713eec9",
        "type": "github"
      },
      "original": {
        "owner": "SEIAROTg",
        "repo": "quadlet-nix",
        "type": "github"
      }
    },
    "root": {
      "inputs": {
        "all-configurations": "all-configurations",
        "home-manager": "home-manager_2",
        "nixpkgs": "nixpkgs_9",
        "pre-commit-hooks": "pre-commit-hooks",
        "systems": "systems_5",
        "treefmt-nix": "treefmt-nix_2"
      }
    },
    "sops-nix": {
      "inputs": {
        "nixpkgs": "nixpkgs"
      },
      "locked": {
        "lastModified": 1762812535,
        "narHash": "sha256-A91a+K0Q9wfdPLwL06e/kbHeAWSzPYy2EGdTDsyfb+s=",
        "owner": "Mic92",
        "repo": "sops-nix",
        "rev": "d75e4f89e58fdda39e4809f8c52013caa22483b7",
        "type": "github"
      },
      "original": {
        "owner": "Mic92",
        "repo": "sops-nix",
        "type": "github"
      }
    },
    "sops-nix_2": {
      "inputs": {
        "nixpkgs": [
          "all-configurations",
          "main-pc",
          "nixpkgs"
        ]
      },
      "locked": {
        "lastModified": 1762812535,
        "narHash": "sha256-A91a+K0Q9wfdPLwL06e/kbHeAWSzPYy2EGdTDsyfb+s=",
        "owner": "Mic92",
        "repo": "sops-nix",
        "rev": "d75e4f89e58fdda39e4809f8c52013caa22483b7",
        "type": "github"
      },
      "original": {
        "owner": "Mic92",
        "repo": "sops-nix",
        "type": "github"
      }
    },
    "sops-nix_3": {
      "inputs": {
        "nixpkgs": "nixpkgs_3"
      },
      "locked": {
        "lastModified": 1762812535,
        "narHash": "sha256-A91a+K0Q9wfdPLwL06e/kbHeAWSzPYy2EGdTDsyfb+s=",
        "owner": "Mic92",
        "repo": "sops-nix",
        "rev": "d75e4f89e58fdda39e4809f8c52013caa22483b7",
        "type": "github"
      },
      "original": {
        "owner": "Mic92",
        "repo": "sops-nix",
        "type": "github"
      }
    },
    "sops-nix_4": {
      "inputs": {
        "nixpkgs": "nixpkgs_6"
      },
      "locked": {
        "lastModified": 1762812535,
        "narHash": "sha256-A91a+K0Q9wfdPLwL06e/kbHeAWSzPYy2EGdTDsyfb+s=",
        "owner": "Mic92",
        "repo": "sops-nix",
        "rev": "d75e4f89e58fdda39e4809f8c52013caa22483b7",
        "type": "github"
      },
      "original": {
        "owner": "Mic92",
        "repo": "sops-nix",
        "type": "github"
      }
    },
    "sshServerJohannes": {
      "inputs": {
        "nixpkgs": [
          "all-configurations",
          "nix-podman-quadlet-collection",
          "nixpkgs"
        ]
      },
      "locked": {
        "path": "./sshServerJohannes",
        "type": "path"
      },
      "original": {
        "path": "./sshServerJohannes",
        "type": "path"
      },
      "parent": [
        "all-configurations",
        "nix-podman-quadlet-collection"
      ]
    },
    "systems": {
      "locked": {
        "lastModified": 1681028828,
        "narHash": "sha256-Vy1rq5AaRuLzOxct8nz4T6wlgyUR7zLU309k9mBC768=",
        "owner": "nix-systems",
        "repo": "default",
        "rev": "da67096a3b9bf56a91d16901293e51ba5b49a27e",
        "type": "github"
      },
      "original": {
        "owner": "nix-systems",
        "repo": "default",
        "type": "github"
      }
    },
    "systems_2": {
      "locked": {
        "lastModified": 1681028828,
        "narHash": "sha256-Vy1rq5AaRuLzOxct8nz4T6wlgyUR7zLU309k9mBC768=",
        "owner": "nix-systems",
        "repo": "default",
        "rev": "da67096a3b9bf56a91d16901293e51ba5b49a27e",
        "type": "github"
      },
      "original": {
        "id": "systems",
        "type": "indirect"
      }
    },
    "systems_3": {
      "locked": {
        "lastModified": 1681028828,
        "narHash": "sha256-Vy1rq5AaRuLzOxct8nz4T6wlgyUR7zLU309k9mBC768=",
        "owner": "nix-systems",
        "repo": "default",
        "rev": "da67096a3b9bf56a91d16901293e51ba5b49a27e",
        "type": "github"
      },
      "original": {
        "owner": "nix-systems",
        "repo": "default",
        "type": "github"
      }
    },
    "systems_4": {
      "locked": {
        "lastModified": 1681028828,
        "narHash": "sha256-Vy1rq5AaRuLzOxct8nz4T6wlgyUR7zLU309k9mBC768=",
        "owner": "nix-systems",
        "repo": "default",
        "rev": "da67096a3b9bf56a91d16901293e51ba5b49a27e",
        "type": "github"
      },
      "original": {
        "owner": "nix-systems",
        "repo": "default",
        "type": "github"
      }
    },
    "systems_5": {
      "locked": {
        "lastModified": 1681028828,
        "narHash": "sha256-Vy1rq5AaRuLzOxct8nz4T6wlgyUR7zLU309k9mBC768=",
        "owner": "nix-systems",
        "repo": "default",
        "rev": "da67096a3b9bf56a91d16901293e51ba5b49a27e",
        "type": "github"
      },
      "original": {
        "id": "systems",
        "type": "indirect"
      }
    },
    "testServer": {
      "inputs": {
        "nixpkgs": [
          "all-configurations",
          "nix-podman-quadlet-collection",
          "nixpkgs"
        ]
      },
      "locked": {
        "path": "./testServer",
        "type": "path"
      },
      "original": {
        "path": "./testServer",
        "type": "path"
      },
      "parent": [
        "all-configurations",
        "nix-podman-quadlet-collection"
      ]
    },
    "treefmt-nix": {
      "inputs": {
        "nixpkgs": "nixpkgs_4"
      },
      "locked": {
        "lastModified": 1762410071,
        "narHash": "sha256-aF5fvoZeoXNPxT0bejFUBXeUjXfHLSL7g+mjR/p5TEg=",
        "owner": "numtide",
        "repo": "treefmt-nix",
        "rev": "97a30861b13c3731a84e09405414398fbf3e109f",
        "type": "github"
      },
      "original": {
        "owner": "numtide",
        "repo": "treefmt-nix",
        "type": "github"
      }
    },
    "treefmt-nix_2": {
      "inputs": {
        "nixpkgs": "nixpkgs_11"
      },
      "locked": {
        "lastModified": 1762410071,
        "narHash": "sha256-aF5fvoZeoXNPxT0bejFUBXeUjXfHLSL7g+mjR/p5TEg=",
        "owner": "numtide",
        "repo": "treefmt-nix",
        "rev": "97a30861b13c3731a84e09405414398fbf3e109f",
        "type": "github"
      },
      "original": {
        "owner": "numtide",
        "repo": "treefmt-nix",
        "type": "github"
      }
    },
    "vscode-server": {
      "inputs": {
        "flake-utils": "flake-utils_2",
        "nixpkgs": "nixpkgs_7"
      },
      "locked": {
        "lastModified": 1753541826,
        "narHash": "sha256-foGgZu8+bCNIGeuDqQ84jNbmKZpd+JvnrL2WlyU4tuU=",
        "owner": "nix-community",
        "repo": "nixos-vscode-server",
        "rev": "6d5f074e4811d143d44169ba4af09b20ddb6937d",
        "type": "github"
      },
      "original": {
        "owner": "nix-community",
        "repo": "nixos-vscode-server",
        "type": "github"
      }
    },
    "vscodium": {
      "inputs": {
        "flake-utils": "flake-utils_3",
        "nix-vscode-extensions": "nix-vscode-extensions",
        "nixpkgs": [
          "all-configurations",
          "packages",
          "vscodium",
          "nix-vscode-extensions",
          "nixpkgs"
        ]
      },
      "locked": {
        "path": "./vscodium",
        "type": "path"
      },
      "original": {
        "path": "./vscodium",
        "type": "path"
      },
      "parent": [
        "all-configurations",
        "packages"
      ]
    },
    "wfinfo-ng-src": {
      "flake": false,
      "locked": {
        "lastModified": 1729888224,
        "narHash": "sha256-qXFpwoVp3qPWPCUsRxBbL3P111sWsq1CELwh9mBUit8=",
        "owner": "knoellle",
        "repo": "wfinfo-ng",
        "rev": "c440b6b5a816270ac2eb4885fa193e19ce607864",
        "type": "github"
      },
      "original": {
        "owner": "knoellle",
        "repo": "wfinfo-ng",
        "type": "github"
      }
    }
  },
  "root": "root",
  "version": 7
}
