{
  "nodes": {
    "all-configurations": {
      "inputs": {
        "home-manager": [
          "home-manager"
        ],
        "main-pc": "main-pc",
        "nix-podman-quadlet-collection": "nix-podman-quadlet-collection",
        "nixos-test": "nixos-test",
        "nixpkgs": [
          "nixpkgs"
        ],
        "packages": "packages"
      },
      "locked": {
        "lastModified": 1,
        "narHash": "sha256-W29RlTdhOjTJTDwo9ViQyqG45KG44wU8GlAmQV64w6g=",
        "path": "/nix/store/2vxmkwysj15xr65q1qfjkbr6i1ffl3yd-source/all-configurations",
        "type": "path"
      },
      "original": {
        "path": "/nix/store/2vxmkwysj15xr65q1qfjkbr6i1ffl3yd-source/all-configurations",
        "type": "path"
      }
    },
    "caddy": {
      "inputs": {
        "nixpkgs": [
          "all-configurations",
          "nix-podman-quadlet-collection",
          "nixpkgs"
        ]
      },
      "locked": {
        "lastModified": 1,
        "narHash": "sha256-xMIzWGLWk/oS1QqrW6hcyF+54+MXDI0ed1v2NcyW6nY=",
        "path": "/nix/store/98m81rwsnyx5n82rp2lxpwnw4gnjca9m-source/caddy",
        "type": "path"
      },
      "original": {
        "path": "/nix/store/98m81rwsnyx5n82rp2lxpwnw4gnjca9m-source/caddy",
        "type": "path"
      }
    },
    "chia": {
      "inputs": {
        "nixpkgs": [
          "all-configurations",
          "nix-podman-quadlet-collection",
          "nixpkgs"
        ]
      },
      "locked": {
        "lastModified": 1,
        "narHash": "sha256-QCI5dxqjfNJvCtol719Fj1g2cXebcde0/2wUzgCy0V8=",
        "path": "/nix/store/98m81rwsnyx5n82rp2lxpwnw4gnjca9m-source/chia",
        "type": "path"
      },
      "original": {
        "path": "/nix/store/98m81rwsnyx5n82rp2lxpwnw4gnjca9m-source/chia",
        "type": "path"
      }
    },
    "flake-compat": {
      "flake": false,
      "locked": {
        "lastModified": 1696426674,
        "narHash": "sha256-kvjfFW7WAETZlt09AgDn1MrtKzP7t90Vf7vypd3OL1U=",
        "owner": "edolstra",
        "repo": "flake-compat",
        "rev": "0f9255e01c2351cc7d116c072cb317785dd33b33",
        "type": "github"
      },
      "original": {
        "owner": "edolstra",
        "repo": "flake-compat",
        "type": "github"
      }
    },
    "gitignore": {
      "inputs": {
        "nixpkgs": [
          "pre-commit-hooks",
          "nixpkgs"
        ]
      },
      "locked": {
        "lastModified": 1709087332,
        "narHash": "sha256-HG2cCnktfHsKV0s4XW83gU3F57gaTljL9KNSuG6bnQs=",
        "owner": "hercules-ci",
        "repo": "gitignore.nix",
        "rev": "637db329424fd7e46cf4185293b9cc8c88c95394",
        "type": "github"
      },
      "original": {
        "owner": "hercules-ci",
        "repo": "gitignore.nix",
        "type": "github"
      }
    },
    "home-manager": {
      "inputs": {
        "nixpkgs": [
          "all-configurations",
          "nix-podman-quadlet-collection",
          "nixpkgs"
        ]
      },
      "locked": {
        "lastModified": 1744743431,
        "narHash": "sha256-iyn/WBYDc7OtjSawbegINDe/gIkok888kQxk3aVnkgg=",
        "owner": "nix-community",
        "repo": "home-manager",
        "rev": "c61bfe3ae692f42ce688b5865fac9e0de58e1387",
        "type": "github"
      },
      "original": {
        "owner": "nix-community",
        "ref": "release-24.11",
        "repo": "home-manager",
        "type": "github"
      }
    },
    "home-manager_2": {
      "inputs": {
        "nixpkgs": [
          "nixpkgs"
        ]
      },
      "locked": {
        "lastModified": 1744743431,
        "narHash": "sha256-iyn/WBYDc7OtjSawbegINDe/gIkok888kQxk3aVnkgg=",
        "owner": "nix-community",
        "repo": "home-manager",
        "rev": "c61bfe3ae692f42ce688b5865fac9e0de58e1387",
        "type": "github"
      },
      "original": {
        "owner": "nix-community",
        "ref": "release-24.11",
        "repo": "home-manager",
        "type": "github"
      }
    },
    "main-pc": {
      "inputs": {
        "nix-flatpak": "nix-flatpak",
        "nixpkgs": [
          "all-configurations",
          "nixpkgs"
        ],
        "sops-nix": "sops-nix"
      },
      "locked": {
        "lastModified": 1,
        "narHash": "sha256-36L/VJTg0mu3fJRDKj4ifzWPoFI4ANQabAHNJJGvjtg=",
        "path": "/nix/store/lqx2ans5sn039a04jf1wnh7apn7k7mzv-source/profiles/main-pc",
        "type": "path"
      },
      "original": {
        "path": "/nix/store/lqx2ans5sn039a04jf1wnh7apn7k7mzv-source/profiles/main-pc",
        "type": "path"
      }
    },
    "mmx": {
      "inputs": {
        "nixpkgs": [
          "all-configurations",
          "nix-podman-quadlet-collection",
          "nixpkgs"
        ],
        "sops-nix": "sops-nix_2"
      },
      "locked": {
        "lastModified": 1,
        "narHash": "sha256-2nCWmyHFsjvQggAWVHEqApRa0ai3MTtWpT+cqtkBBG0=",
        "path": "/nix/store/98m81rwsnyx5n82rp2lxpwnw4gnjca9m-source/mmx",
        "type": "path"
      },
      "original": {
        "path": "/nix/store/98m81rwsnyx5n82rp2lxpwnw4gnjca9m-source/mmx",
        "type": "path"
      }
    },
    "nicehash-nvidia": {
      "inputs": {
        "nixpkgs": [
          "all-configurations",
          "nix-podman-quadlet-collection",
          "nixpkgs"
        ]
      },
      "locked": {
        "lastModified": 1,
        "narHash": "sha256-DjaNa0vw9rP8WnyQMMQmmzjEo5f4cy+hc0ONt5piy/Q=",
        "path": "/nix/store/98m81rwsnyx5n82rp2lxpwnw4gnjca9m-source/nicehash",
        "type": "path"
      },
      "original": {
        "path": "/nix/store/98m81rwsnyx5n82rp2lxpwnw4gnjca9m-source/nicehash",
        "type": "path"
      }
    },
    "nix-flatpak": {
      "locked": {
        "lastModified": 1744659587,
        "narHash": "sha256-xJnbmRVte13akgn+Prg06IaRHJ5OX3uVltwsCP/mxoc=",
        "owner": "gmodena",
        "repo": "nix-flatpak",
        "rev": "928d868a9141b48f152d3b2b00c433e688d4b106",
        "type": "github"
      },
      "original": {
        "owner": "gmodena",
        "repo": "nix-flatpak",
        "type": "github"
      }
    },
    "nix-flatpak_2": {
      "locked": {
        "lastModified": 1744659587,
        "narHash": "sha256-xJnbmRVte13akgn+Prg06IaRHJ5OX3uVltwsCP/mxoc=",
        "owner": "gmodena",
        "repo": "nix-flatpak",
        "rev": "928d868a9141b48f152d3b2b00c433e688d4b106",
        "type": "github"
      },
      "original": {
        "owner": "gmodena",
        "repo": "nix-flatpak",
        "type": "github"
      }
    },
    "nix-podman-quadlet-collection": {
      "inputs": {
        "caddy": "caddy",
        "chia": "chia",
        "home-manager": "home-manager",
        "mmx": "mmx",
        "nicehash-nvidia": "nicehash-nvidia",
        "nixpkgs": [
          "all-configurations",
          "nixpkgs"
        ],
        "quadlet-nix": "quadlet-nix",
        "testServer": "testServer"
      },
      "locked": {
        "lastModified": 1,
        "narHash": "sha256-sGDC4zjZgVdSt4eFxOy34dBwzKRWxXD2KjBnEj+7NnA=",
        "path": "/nix/store/lqx2ans5sn039a04jf1wnh7apn7k7mzv-source/nix-podman-quadlet-collection",
        "type": "path"
      },
      "original": {
        "path": "/nix/store/lqx2ans5sn039a04jf1wnh7apn7k7mzv-source/nix-podman-quadlet-collection",
        "type": "path"
      }
    },
    "nixos-test": {
      "inputs": {
        "nix-flatpak": "nix-flatpak_2"
      },
      "locked": {
        "lastModified": 1,
        "narHash": "sha256-kt15Dx93qBYWyqDAzKiIONIv4FM8tJnmvTy/L/U4HoA=",
        "path": "/nix/store/lqx2ans5sn039a04jf1wnh7apn7k7mzv-source/profiles/nixos-test",
        "type": "path"
      },
      "original": {
        "path": "/nix/store/lqx2ans5sn039a04jf1wnh7apn7k7mzv-source/profiles/nixos-test",
        "type": "path"
      }
    },
    "nixpkgs": {
      "locked": {
        "lastModified": 1744868846,
        "narHash": "sha256-5RJTdUHDmj12Qsv7XOhuospjAjATNiTMElplWnJE9Hs=",
        "owner": "NixOS",
        "repo": "nixpkgs",
        "rev": "ebe4301cbd8f81c4f8d3244b3632338bbeb6d49c",
        "type": "github"
      },
      "original": {
        "owner": "NixOS",
        "ref": "nixpkgs-unstable",
        "repo": "nixpkgs",
        "type": "github"
      }
    },
    "nixpkgs_2": {
      "locked": {
        "lastModified": 1744440957,
        "narHash": "sha256-FHlSkNqFmPxPJvy+6fNLaNeWnF1lZSgqVCl/eWaJRc4=",
        "owner": "NixOS",
        "repo": "nixpkgs",
        "rev": "26d499fc9f1d567283d5d56fcf367edd815dba1d",
        "type": "github"
      },
      "original": {
        "owner": "NixOS",
        "ref": "nixos-24.11",
        "repo": "nixpkgs",
        "type": "github"
      }
    },
    "nixpkgs_3": {
      "locked": {
        "lastModified": 1730768919,
        "narHash": "sha256-8AKquNnnSaJRXZxc5YmF/WfmxiHX6MMZZasRP6RRQkE=",
        "owner": "NixOS",
        "repo": "nixpkgs",
        "rev": "a04d33c0c3f1a59a2c1cb0c6e34cd24500e5a1dc",
        "type": "github"
      },
      "original": {
        "owner": "NixOS",
        "ref": "nixpkgs-unstable",
        "repo": "nixpkgs",
        "type": "github"
      }
    },
    "nixpkgs_4": {
      "locked": {
        "lastModified": 1735554305,
        "narHash": "sha256-zExSA1i/b+1NMRhGGLtNfFGXgLtgo+dcuzHzaWA6w3Q=",
        "owner": "nixos",
        "repo": "nixpkgs",
        "rev": "0e82ab234249d8eee3e8c91437802b32c74bb3fd",
        "type": "github"
      },
      "original": {
        "owner": "nixos",
        "ref": "nixpkgs-unstable",
        "repo": "nixpkgs",
        "type": "github"
      }
    },
    "packages": {
      "inputs": {
        "nixpkgs": [
          "all-configurations",
          "nixpkgs"
        ]
      },
      "locked": {
        "lastModified": 1,
        "narHash": "sha256-O+3CKim25d2HfqHub+ZgdPcXQYKzqGyJM4PVLTtGqpM=",
        "path": "/nix/store/lqx2ans5sn039a04jf1wnh7apn7k7mzv-source/packages",
        "type": "path"
      },
      "original": {
        "path": "/nix/store/lqx2ans5sn039a04jf1wnh7apn7k7mzv-source/packages",
        "type": "path"
      }
    },
    "pre-commit-hooks": {
      "inputs": {
        "flake-compat": "flake-compat",
        "gitignore": "gitignore",
        "nixpkgs": "nixpkgs_3"
      },
      "locked": {
        "lastModified": 1742649964,
        "narHash": "sha256-DwOTp7nvfi8mRfuL1escHDXabVXFGT1VlPD1JHrtrco=",
        "owner": "cachix",
        "repo": "git-hooks.nix",
        "rev": "dcf5072734cb576d2b0c59b2ac44f5050b5eac82",
        "type": "github"
      },
      "original": {
        "owner": "cachix",
        "repo": "git-hooks.nix",
        "type": "github"
      }
    },
    "quadlet-nix": {
      "inputs": {
        "nixpkgs": [
          "all-configurations",
          "nix-podman-quadlet-collection",
          "nixpkgs"
        ]
      },
      "locked": {
        "lastModified": 1743361017,
        "narHash": "sha256-RELV9YxfhwjuN4edtVmpupVvHUiWu/KuF4mqzU+neYE=",
        "owner": "SEIAROTg",
        "repo": "quadlet-nix",
        "rev": "971479231c7dd2433954dd26c240e1bdc5bd9849",
        "type": "github"
      },
      "original": {
        "owner": "SEIAROTg",
        "repo": "quadlet-nix",
        "type": "github"
      }
    },
    "root": {
      "inputs": {
        "all-configurations": "all-configurations",
        "home-manager": "home-manager_2",
        "nixpkgs": "nixpkgs_2",
        "pre-commit-hooks": "pre-commit-hooks",
        "systems": "systems",
        "treefmt-nix": "treefmt-nix"
      }
    },
    "sops-nix": {
      "inputs": {
        "nixpkgs": [
          "all-configurations",
          "main-pc",
          "nixpkgs"
        ]
      },
      "locked": {
        "lastModified": 1745310711,
        "narHash": "sha256-ePyTpKEJTgX0gvgNQWd7tQYQ3glIkbqcW778RpHlqgA=",
        "owner": "Mic92",
        "repo": "sops-nix",
        "rev": "5e3e92b16d6fdf9923425a8d4df7496b2434f39c",
        "type": "github"
      },
      "original": {
        "owner": "Mic92",
        "repo": "sops-nix",
        "type": "github"
      }
    },
    "sops-nix_2": {
      "inputs": {
        "nixpkgs": "nixpkgs"
      },
      "locked": {
        "lastModified": 1745310711,
        "narHash": "sha256-ePyTpKEJTgX0gvgNQWd7tQYQ3glIkbqcW778RpHlqgA=",
        "owner": "Mic92",
        "repo": "sops-nix",
        "rev": "5e3e92b16d6fdf9923425a8d4df7496b2434f39c",
        "type": "github"
      },
      "original": {
        "owner": "Mic92",
        "repo": "sops-nix",
        "type": "github"
      }
    },
    "systems": {
      "locked": {
        "lastModified": 1681028828,
        "narHash": "sha256-Vy1rq5AaRuLzOxct8nz4T6wlgyUR7zLU309k9mBC768=",
        "owner": "nix-systems",
        "repo": "default",
        "rev": "da67096a3b9bf56a91d16901293e51ba5b49a27e",
        "type": "github"
      },
      "original": {
        "id": "systems",
        "type": "indirect"
      }
    },
    "testServer": {
      "inputs": {
        "nixpkgs": [
          "all-configurations",
          "nix-podman-quadlet-collection",
          "nixpkgs"
        ]
      },
      "locked": {
        "lastModified": 1,
        "narHash": "sha256-d818djM1DOqlPc89n4FgUV9Rw7RsluB5qWLRP/q47MY=",
        "path": "/nix/store/98m81rwsnyx5n82rp2lxpwnw4gnjca9m-source/testServer",
        "type": "path"
      },
      "original": {
        "path": "/nix/store/98m81rwsnyx5n82rp2lxpwnw4gnjca9m-source/testServer",
        "type": "path"
      }
    },
    "treefmt-nix": {
      "inputs": {
        "nixpkgs": "nixpkgs_4"
      },
      "locked": {
        "lastModified": 1744961264,
        "narHash": "sha256-aRmUh0AMwcbdjJHnytg1e5h5ECcaWtIFQa6d9gI85AI=",
        "owner": "numtide",
        "repo": "treefmt-nix",
        "rev": "8d404a69efe76146368885110f29a2ca3700bee6",
        "type": "github"
      },
      "original": {
        "owner": "numtide",
        "repo": "treefmt-nix",
        "type": "github"
      }
    }
  },
  "root": "root",
  "version": 7
}
